
Microsoft Visual Studio Solution File, Format Version 12.00
# Visual Studio Version 17
VisualStudioVersion = 17.5.33516.290
MinimumVisualStudioVersion = 10.0.40219.1
Project("{9A19103F-16F7-4668-BE54-9A1E7A4F7556}") = "ContentService", "ContentService\ContentService.csproj", "{7D814401-35C8-4F0B-AA39-804883C5B3DC}"
EndProject
Project("{FAE04EC0-301F-11D3-BF4B-00C04F79EFBC}") = "ContentService.Tests", "ContentService.Tests\ContentService.Tests.csproj", "{2FB4B9FD-2FF5-40F2-BF0D-DEB653280CD1}"
EndProject
Global
	GlobalSection(SolutionConfigurationPlatforms) = preSolution
		Debug|Any CPU = Debug|Any CPU
		Release|Any CPU = Release|Any CPU
	EndGlobalSection
	GlobalSection(ProjectConfigurationPlatforms) = postSolution
		{7D814401-35C8-4F0B-AA39-804883C5B3DC}.Debug|Any CPU.ActiveCfg = Debug|Any CPU
		{7D814401-35C8-4F0B-AA39-804883C5B3DC}.Debug|Any CPU.Build.0 = Debug|Any CPU
		{7D814401-35C8-4F0B-AA39-804883C5B3DC}.Release|Any CPU.ActiveCfg = Release|Any CPU
		{7D814401-35C8-4F0B-AA39-804883C5B3DC}.Release|Any CPU.Build.0 = Release|Any CPU
		{2FB4B9FD-2FF5-40F2-BF0D-DEB653280CD1}.Debug|Any CPU.ActiveCfg = Debug|Any CPU
		{2FB4B9FD-2FF5-40F2-BF0D-DEB653280CD1}.Debug|Any CPU.Build.0 = Debug|Any CPU
		{2FB4B9FD-2FF5-40F2-BF0D-DEB653280CD1}.Release|Any CPU.ActiveCfg = Release|Any CPU
		{2FB4B9FD-2FF5-40F2-BF0D-DEB653280CD1}.Release|Any CPU.Build.0 = Release|Any CPU
	EndGlobalSection
	GlobalSection(SolutionProperties) = preSolution
		HideSolutionNode = FALSE
	EndGlobalSection
	GlobalSection(ExtensibilityGlobals) = postSolution
		SolutionGuid = {228ED7C5-86E5-4D01-BD50-8B7AA5A765E3}
	EndGlobalSection
EndGlobal
